
Microsoft Visual Studio Solution File, Format Version 12.00
# Visual Studio 15
VisualStudioVersion = 15.0.27130.2010
MinimumVisualStudioVersion = 10.0.40219.1
Project("{FAE04EC0-301F-11D3-BF4B-00C04F79EFBC}") = "NoLockScreenHelper2", "NoLockScreenHelper2\NoLockScreenHelper2.csproj", "{8315509A-99AB-4306-AA54-4578C5B56317}"
EndProject
Project("{FAE04EC0-301F-11D3-BF4B-00C04F79EFBC}") = "IPAddressControlLib", "IPAddressControlLib\IPAddressControlLib.csproj", "{A5ED2B33-5644-47C4-BC30-A4840F67FF87}"
EndProject
Project("{FAE04EC0-301F-11D3-BF4B-00C04F79EFBC}") = "NoLockScreenHelper", "NoLockScreenHelper\NoLockScreenHelper.csproj", "{3041D2CB-C05F-470A-A2BD-F2E970FA7D2E}"
EndProject
Global
	GlobalSection(SolutionConfigurationPlatforms) = preSolution
		Debug|Any CPU = Debug|Any CPU
		Release|Any CPU = Release|Any CPU
	EndGlobalSection
	GlobalSection(ProjectConfigurationPlatforms) = postSolution
		{8315509A-99AB-4306-AA54-4578C5B56317}.Debug|Any CPU.ActiveCfg = Debug|Any CPU
		{8315509A-99AB-4306-AA54-4578C5B56317}.Debug|Any CPU.Build.0 = Debug|Any CPU
		{8315509A-99AB-4306-AA54-4578C5B56317}.Release|Any CPU.ActiveCfg = Release|Any CPU
		{8315509A-99AB-4306-AA54-4578C5B56317}.Release|Any CPU.Build.0 = Release|Any CPU
		{A5ED2B33-5644-47C4-BC30-A4840F67FF87}.Debug|Any CPU.ActiveCfg = Debug|Any CPU
		{A5ED2B33-5644-47C4-BC30-A4840F67FF87}.Debug|Any CPU.Build.0 = Debug|Any CPU
		{A5ED2B33-5644-47C4-BC30-A4840F67FF87}.Release|Any CPU.ActiveCfg = Release|Any CPU
		{A5ED2B33-5644-47C4-BC30-A4840F67FF87}.Release|Any CPU.Build.0 = Release|Any CPU
		{3041D2CB-C05F-470A-A2BD-F2E970FA7D2E}.Debug|Any CPU.ActiveCfg = Debug|Any CPU
		{3041D2CB-C05F-470A-A2BD-F2E970FA7D2E}.Debug|Any CPU.Build.0 = Debug|Any CPU
		{3041D2CB-C05F-470A-A2BD-F2E970FA7D2E}.Release|Any CPU.ActiveCfg = Release|Any CPU
		{3041D2CB-C05F-470A-A2BD-F2E970FA7D2E}.Release|Any CPU.Build.0 = Release|Any CPU
	EndGlobalSection
	GlobalSection(SolutionProperties) = preSolution
		HideSolutionNode = FALSE
	EndGlobalSection
	GlobalSection(ExtensibilityGlobals) = postSolution
		SolutionGuid = {6B0DD46C-EC3E-4AEE-92A9-9365A9DCCC2A}
	EndGlobalSection
EndGlobal
